
Microsoft Visual Studio Solution File, Format Version 12.00
# Visual Studio Version 17
VisualStudioVersion = 17.5.33424.131
MinimumVisualStudioVersion = 10.0.40219.1
Project("{8BC9CEB8-8B4A-11D0-8D11-00A0C91BC942}") = "SalaryManage", "SalaryManage\SalaryManage.vcxproj", "{0C1AB020-5996-4D0E-8C40-FA11BEAB819B}"
EndProject
Global
	GlobalSection(SolutionConfigurationPlatforms) = preSolution
		Debug|x64 = Debug|x64
		Debug|x86 = Debug|x86
		Release|x64 = Release|x64
		Release|x86 = Release|x86
	EndGlobalSection
	GlobalSection(ProjectConfigurationPlatforms) = postSolution
		{0C1AB020-5996-4D0E-8C40-FA11BEAB819B}.Debug|x64.ActiveCfg = Debug|x64
		{0C1AB020-5996-4D0E-8C40-FA11BEAB819B}.Debug|x64.Build.0 = Debug|x64
		{0C1AB020-5996-4D0E-8C40-FA11BEAB819B}.Debug|x86.ActiveCfg = Debug|Win32
		{0C1AB020-5996-4D0E-8C40-FA11BEAB819B}.Debug|x86.Build.0 = Debug|Win32
		{0C1AB020-5996-4D0E-8C40-FA11BEAB819B}.Release|x64.ActiveCfg = Release|x64
		{0C1AB020-5996-4D0E-8C40-FA11BEAB819B}.Release|x64.Build.0 = Release|x64
		{0C1AB020-5996-4D0E-8C40-FA11BEAB819B}.Release|x86.ActiveCfg = Release|Win32
		{0C1AB020-5996-4D0E-8C40-FA11BEAB819B}.Release|x86.Build.0 = Release|Win32
	EndGlobalSection
	GlobalSection(SolutionProperties) = preSolution
		HideSolutionNode = FALSE
	EndGlobalSection
	GlobalSection(ExtensibilityGlobals) = postSolution
		SolutionGuid = {9188024C-1293-4D7A-AF56-7140DE9672C8}
	EndGlobalSection
EndGlobal
